# THIS IS AN AUTOGENERATED FILE. DO NOT EDIT THIS FILE DIRECTLY.
# yarn lockfile v1


"@prisma/client@3.1.1":
  version "3.1.1"
  resolved "https://registry.yarnpkg.com/@prisma/client/-/client-3.1.1.tgz#f4012631528049c22d12b212846dcf503db33cfe"
  integrity sha512-8ud8vVFMIg37yrkZ4wPpjKoMxFbCL0Pesq5eyLnag/s0LTKsVEN7ZBIQq9JzWW+AUqOzGKXr2Jt4Sl8xdGI99w==
  dependencies:
    "@prisma/engines-version" "3.1.0-24.c22652b7e418506fab23052d569b85d3aec4883f"

"@prisma/engines-version@3.1.0-24.c22652b7e418506fab23052d569b85d3aec4883f":
  version "3.1.0-24.c22652b7e418506fab23052d569b85d3aec4883f"
  resolved "https://registry.yarnpkg.com/@prisma/engines-version/-/engines-version-3.1.0-24.c22652b7e418506fab23052d569b85d3aec4883f.tgz#f9908eb7808f2a546634398063942eaecb2474ef"
  integrity sha512-EuEMKLuwIcBO7uInZQHeG1yaywcfl32Tq8TDf5tgLvblk+ka70sej7S67lh3BV5gXMLTc3GdthSHPfDqZEK5uA==

"@prisma/engines@3.1.0-24.c22652b7e418506fab23052d569b85d3aec4883f":
  version "3.1.0-24.c22652b7e418506fab23052d569b85d3aec4883f"
  resolved "https://registry.yarnpkg.com/@prisma/engines/-/engines-3.1.0-24.c22652b7e418506fab23052d569b85d3aec4883f.tgz#7b45708e6a42523dc9bc2214e5c62781f608dc3a"
  integrity sha512-6NEp0VlLho3hVtIvj2P4h0e19AYqQSXtFGts8gSIXDnV+l5pRFZaDMfGo2RiLMR0Kfrs8c3ZYxYX0sWmVL0tWw==

"@types/node@^16.9.6":
  version "16.9.6"
  resolved "https://registry.yarnpkg.com/@types/node/-/node-16.9.6.tgz#040a64d7faf9e5d9e940357125f0963012e66f04"
  integrity sha512-YHUZhBOMTM3mjFkXVcK+WwAcYmyhe1wL4lfqNtzI0b3qAy7yuSetnM7QJazgE5PFmgVTNGiLOgRFfJMqW7XpSQ==

buffer-from@^1.0.0:
  version "1.1.2"
  resolved "https://registry.yarnpkg.com/buffer-from/-/buffer-from-1.1.2.tgz#2b146a6fd72e80b4f55d255f35ed59a3a9a41bd5"
  integrity sha512-E+XQCRwSbaaiChtv6k6Dwgc+bx+Bs6vuKJHHl5kox/BaKbhiXzqQOwK4cO22yElGp2OCmjwVhT3HmxgyPGnJfQ==

csv-parse@^4.16.3:
  version "4.16.3"
  resolved "https://registry.yarnpkg.com/csv-parse/-/csv-parse-4.16.3.tgz#7ca624d517212ebc520a36873c3478fa66efbaf7"
  integrity sha512-cO1I/zmz4w2dcKHVvpCr7JVRu8/FymG5OEpmvsZYlccYolPBLoVGKUHgNoc4ZGkFeFlWGEDmMyBM+TTqRdW/wg==

eventemitter3@^4.0.7:
  version "4.0.7"
  resolved "https://registry.yarnpkg.com/eventemitter3/-/eventemitter3-4.0.7.tgz#2de9b68f6528d5644ef5c59526a1b4a07306169f"
  integrity sha512-8guHBZCwKnFhYdHr2ysuRWErTwhoN2X8XELRlrRwpmfeY2jjuUN4taQMsULKUVo1K4DvZl+0pgfyoysHxvmvEw==

module-alias@^2.2.2:
  version "2.2.2"
  resolved "https://registry.yarnpkg.com/module-alias/-/module-alias-2.2.2.tgz#151cdcecc24e25739ff0aa6e51e1c5716974c0e0"
  integrity sha512-A/78XjoX2EmNvppVWEhM2oGk3x4lLxnkEA4jTbaK97QKSDjkIoOsKQlfylt/d3kKKi596Qy3NP5XrXJ6fZIC9Q==

p-limit@^4.0.0:
  version "4.0.0"
  resolved "https://registry.yarnpkg.com/p-limit/-/p-limit-4.0.0.tgz#914af6544ed32bfa54670b061cafcbd04984b644"
  integrity sha512-5b0R4txpzjPWVw/cXXUResoD4hb6U/x9BH08L7nw+GN1sezDzPdxeRvpc9c433fZhBan/wusjbCsqwqm4EIBIQ==
  dependencies:
    yocto-queue "^1.0.0"

p-queue@^7.1.0:
  version "7.1.0"
  resolved "https://registry.yarnpkg.com/p-queue/-/p-queue-7.1.0.tgz#c2bb28f8dc0ebf3fadb985b8706cf2ce5fe5f275"
  integrity sha512-V+0vPJbhYkBqknPp0qnaz+dWcj8cNepfXZcsVIVEHPbFQXMPwrzCNIiM4FoxGtwHXtPzVCPHDvqCr1YrOJX2Gw==
  dependencies:
    eventemitter3 "^4.0.7"
    p-timeout "^5.0.0"

p-timeout@^5.0.0:
  version "5.0.0"
  resolved "https://registry.yarnpkg.com/p-timeout/-/p-timeout-5.0.0.tgz#0f5dc08422e7243f8317669c461734cd1257a8dc"
  integrity sha512-z+bU/N7L1SABsqKnQzvAnINgPX7NHdzwUV+gHyJE7VGNDZSr03rhcPODCZSWiiT9k+gf74QPmzcZzqJRvxYZow==

prisma@3.1.1:
  version "3.1.1"
  resolved "https://registry.yarnpkg.com/prisma/-/prisma-3.1.1.tgz#4c13c35dd3a58af9134008c8ed0fdc21a632802c"
  integrity sha512-+eZtWIL6hnOKUOvqq9WLBzSw2d/EbTmOx1Td1LI8/0XE40ctXMLG2N1p6NK5/+yivGaoNJ9PDpPsPL9lO4nJrQ==
  dependencies:
    "@prisma/engines" "3.1.0-24.c22652b7e418506fab23052d569b85d3aec4883f"

source-map-support@^0.5.20:
  version "0.5.20"
  resolved "https://registry.yarnpkg.com/source-map-support/-/source-map-support-0.5.20.tgz#12166089f8f5e5e8c56926b377633392dd2cb6c9"
  integrity sha512-n1lZZ8Ve4ksRqizaBQgxXDgKwttHDhyfQjA6YZZn8+AroHbsIz+JjwxQDxbp+7y5OYCI8t1Yk7etjD9CRd2hIw==
  dependencies:
    buffer-from "^1.0.0"
    source-map "^0.6.0"

source-map@^0.6.0:
  version "0.6.1"
  resolved "https://registry.yarnpkg.com/source-map/-/source-map-0.6.1.tgz#74722af32e9614e9c287a8d0bbde48b5e2f1a263"
  integrity sha512-UjgapumWlbMhkBgzT7Ykc5YXUT46F0iKu8SGXq0bcwP5dz/h0Plj6enJqjz1Zbq2l5WaqYnrVbwWOWMyF3F47g==

typescript@^4.4.3:
  version "4.4.3"
  resolved "https://registry.yarnpkg.com/typescript/-/typescript-4.4.3.tgz#bdc5407caa2b109efd4f82fe130656f977a29324"
  integrity sha512-4xfscpisVgqqDfPaJo5vkd+Qd/ItkoagnHpufr+i2QCHBsNYp+G7UAoyFl8aPtx879u38wPV65rZ8qbGZijalA==

yocto-queue@^1.0.0:
  version "1.0.0"
  resolved "https://registry.yarnpkg.com/yocto-queue/-/yocto-queue-1.0.0.tgz#7f816433fb2cbc511ec8bf7d263c3b58a1a3c251"
  integrity sha512-9bnSc/HEW2uRy67wc+T8UwauLuPJVn28jb+GtJY16iiKWyvmYJRXVT4UamsAEGQfPohgr2q4Tq0sQbQlxTfi1g==
